
Microsoft Visual Studio Solution File, Format Version 12.00
# Visual Studio 15
VisualStudioVersion = 15.0.27703.2042
MinimumVisualStudioVersion = 10.0.40219.1
Project("{FAE04EC0-301F-11D3-BF4B-00C04F79EFBC}") = "NationalWeatherServiceRestCall", "NationalWeatherServiceRestCall\NationalWeatherServiceRestCall.csproj", "{B3B97179-E9CA-4FFE-85EB-89C3C6ADB81E}"
EndProject
Global
	GlobalSection(SolutionConfigurationPlatforms) = preSolution
		Debug|Any CPU = Debug|Any CPU
		Release|Any CPU = Release|Any CPU
	EndGlobalSection
	GlobalSection(ProjectConfigurationPlatforms) = postSolution
		{B3B97179-E9CA-4FFE-85EB-89C3C6ADB81E}.Debug|Any CPU.ActiveCfg = Debug|Any CPU
		{B3B97179-E9CA-4FFE-85EB-89C3C6ADB81E}.Debug|Any CPU.Build.0 = Debug|Any CPU
		{B3B97179-E9CA-4FFE-85EB-89C3C6ADB81E}.Release|Any CPU.ActiveCfg = Release|Any CPU
		{B3B97179-E9CA-4FFE-85EB-89C3C6ADB81E}.Release|Any CPU.Build.0 = Release|Any CPU
	EndGlobalSection
	GlobalSection(SolutionProperties) = preSolution
		HideSolutionNode = FALSE
	EndGlobalSection
	GlobalSection(ExtensibilityGlobals) = postSolution
		SolutionGuid = {B0621B7B-2BCC-4216-9327-B740C0AA37D3}
	EndGlobalSection
EndGlobal
